
Microsoft Visual Studio Solution File, Format Version 12.00
# Visual Studio Version 16
VisualStudioVersion = 16.0.30517.126
MinimumVisualStudioVersion = 10.0.40219.1
Project("{FAE04EC0-301F-11D3-BF4B-00C04F79EFBC}") = "CapaPresentacion", "CapaPresentacion\CapaPresentacion.csproj", "{44C964FE-62EB-40E7-944A-9A61AE16D05B}"
EndProject
Project("{FAE04EC0-301F-11D3-BF4B-00C04F79EFBC}") = "CapaDatos", "CapaDatos\CapaDatos.csproj", "{EB5B31B9-0FFD-455F-B83F-55C3EAFC71A0}"
EndProject
Project("{FAE04EC0-301F-11D3-BF4B-00C04F79EFBC}") = "CapaNegocio", "CapaNegocio\CapaNegocio.csproj", "{77FCE01D-62F9-40F0-85CE-A3D213C92029}"
EndProject
Project("{FAE04EC0-301F-11D3-BF4B-00C04F79EFBC}") = "CapaComun", "CapaComun\CapaComun.csproj", "{68F4662C-E84A-4581-BF43-181BCDA6EA41}"
EndProject
Global
	GlobalSection(SolutionConfigurationPlatforms) = preSolution
		Debug|Any CPU = Debug|Any CPU
		Release|Any CPU = Release|Any CPU
	EndGlobalSection
	GlobalSection(ProjectConfigurationPlatforms) = postSolution
		{44C964FE-62EB-40E7-944A-9A61AE16D05B}.Debug|Any CPU.ActiveCfg = Debug|Any CPU
		{44C964FE-62EB-40E7-944A-9A61AE16D05B}.Debug|Any CPU.Build.0 = Debug|Any CPU
		{44C964FE-62EB-40E7-944A-9A61AE16D05B}.Release|Any CPU.ActiveCfg = Release|Any CPU
		{44C964FE-62EB-40E7-944A-9A61AE16D05B}.Release|Any CPU.Build.0 = Release|Any CPU
		{EB5B31B9-0FFD-455F-B83F-55C3EAFC71A0}.Debug|Any CPU.ActiveCfg = Debug|Any CPU
		{EB5B31B9-0FFD-455F-B83F-55C3EAFC71A0}.Debug|Any CPU.Build.0 = Debug|Any CPU
		{EB5B31B9-0FFD-455F-B83F-55C3EAFC71A0}.Release|Any CPU.ActiveCfg = Release|Any CPU
		{EB5B31B9-0FFD-455F-B83F-55C3EAFC71A0}.Release|Any CPU.Build.0 = Release|Any CPU
		{77FCE01D-62F9-40F0-85CE-A3D213C92029}.Debug|Any CPU.ActiveCfg = Debug|Any CPU
		{77FCE01D-62F9-40F0-85CE-A3D213C92029}.Debug|Any CPU.Build.0 = Debug|Any CPU
		{77FCE01D-62F9-40F0-85CE-A3D213C92029}.Release|Any CPU.ActiveCfg = Release|Any CPU
		{77FCE01D-62F9-40F0-85CE-A3D213C92029}.Release|Any CPU.Build.0 = Release|Any CPU
		{68F4662C-E84A-4581-BF43-181BCDA6EA41}.Debug|Any CPU.ActiveCfg = Debug|Any CPU
		{68F4662C-E84A-4581-BF43-181BCDA6EA41}.Debug|Any CPU.Build.0 = Debug|Any CPU
		{68F4662C-E84A-4581-BF43-181BCDA6EA41}.Release|Any CPU.ActiveCfg = Release|Any CPU
		{68F4662C-E84A-4581-BF43-181BCDA6EA41}.Release|Any CPU.Build.0 = Release|Any CPU
	EndGlobalSection
	GlobalSection(SolutionProperties) = preSolution
		HideSolutionNode = FALSE
	EndGlobalSection
	GlobalSection(ExtensibilityGlobals) = postSolution
		SolutionGuid = {E8E05AB6-F6A0-47CA-B2AD-B8C7012DDD95}
	EndGlobalSection
EndGlobal
